// !$*UTF8*$!
{
	archiveVersion = 1;
	classes = {
	};
	objectVersion = 48;
	objects = {

/* Begin PBXBuildFile section */
		49028AF81F96B1BF009B95D7 /* Prayer.swift in Sources */ = {isa = PBXBuildFile; fileRef = 49028AF71F96B1BF009B95D7 /* Prayer.swift */; };
		490D96111FA1133800314937 /* NSAttributedString+Helpers.swift in Sources */ = {isa = PBXBuildFile; fileRef = 490D96101FA1133800314937 /* NSAttributedString+Helpers.swift */; };
		491E3F3C1F97BAA30014B8C1 /* FontAwesome.ttf in Resources */ = {isa = PBXBuildFile; fileRef = 491E3F3B1F97BA480014B8C1 /* FontAwesome.ttf */; };
		491E3F3E1F97BF590014B8C1 /* SoundPlayer.swift in Sources */ = {isa = PBXBuildFile; fileRef = 491E3F3D1F97BF590014B8C1 /* SoundPlayer.swift */; };
		491E3F3F1F97F3930014B8C1 /* AbatharAlHalawaji.aiff in Resources */ = {isa = PBXBuildFile; fileRef = 49A2C6501F97261100F7A23E /* AbatharAlHalawaji.aiff */; };
		491E3F401F97F3980014B8C1 /* AbdulBasit.aiff in Resources */ = {isa = PBXBuildFile; fileRef = 49A2C6561F97261A00F7A23E /* AbdulBasit.aiff */; };
		491E3F411F97F3980014B8C1 /* BirdsChirping.aiff in Resources */ = {isa = PBXBuildFile; fileRef = 49A2C65A1F97261C00F7A23E /* BirdsChirping.aiff */; };
		491E3F421F97F3980014B8C1 /* BirdsChirping2.aiff in Resources */ = {isa = PBXBuildFile; fileRef = 49A2C6571F97261B00F7A23E /* BirdsChirping2.aiff */; };
		491E3F431F97F3980014B8C1 /* Crickets.aiff in Resources */ = {isa = PBXBuildFile; fileRef = 49A2C6531F97261800F7A23E /* Crickets.aiff */; };
		491E3F441F97F3980014B8C1 /* DuaJaushanKabeer.aiff in Resources */ = {isa = PBXBuildFile; fileRef = 49A2C65D1F97261E00F7A23E /* DuaJaushanKabeer.aiff */; };
		491E3F451F97F3980014B8C1 /* DuaKumayl.aiff in Resources */ = {isa = PBXBuildFile; fileRef = 49A2C6521F97261700F7A23E /* DuaKumayl.aiff */; };
		491E3F461F97F3980014B8C1 /* DuaMujeer.aiff in Resources */ = {isa = PBXBuildFile; fileRef = 49A2C65B1F97261D00F7A23E /* DuaMujeer.aiff */; };
		491E3F471F97F3980014B8C1 /* KazemZadeh.aiff in Resources */ = {isa = PBXBuildFile; fileRef = 49A2C6581F97261B00F7A23E /* KazemZadeh.aiff */; };
		491E3F481F97F3980014B8C1 /* MozenZadeh.aiff in Resources */ = {isa = PBXBuildFile; fileRef = 49A2C6541F97261800F7A23E /* MozenZadeh.aiff */; };
		491E3F491F97F3980014B8C1 /* MunajatImamAli.aiff in Resources */ = {isa = PBXBuildFile; fileRef = 49A2C6591F97261B00F7A23E /* MunajatImamAli.aiff */; };
		491E3F4A1F97F3980014B8C1 /* MunajatMuhibeen.aiff in Resources */ = {isa = PBXBuildFile; fileRef = 49A2C6551F97261900F7A23E /* MunajatMuhibeen.aiff */; };
		491E3F4B1F97F3980014B8C1 /* Ocean.aiff in Resources */ = {isa = PBXBuildFile; fileRef = 49A2C65C1F97261E00F7A23E /* Ocean.aiff */; };
		491E3F4C1F97F3980014B8C1 /* Rozayghi.aiff in Resources */ = {isa = PBXBuildFile; fileRef = 49A2C6511F97261700F7A23E /* Rozayghi.aiff */; };
		491E3F4D1F97F3980014B8C1 /* TasviehChi.aiff in Resources */ = {isa = PBXBuildFile; fileRef = 49A2C65E1F97261F00F7A23E /* TasviehChi.aiff */; };
		491E3F4F1F97F91A0014B8C1 /* RingtonesViewControllers.swift in Sources */ = {isa = PBXBuildFile; fileRef = 491E3F4E1F97F91A0014B8C1 /* RingtonesViewControllers.swift */; };
		491E3F511F983A4C0014B8C1 /* SettingsTableViewController.swift in Sources */ = {isa = PBXBuildFile; fileRef = 491E3F501F983A4C0014B8C1 /* SettingsTableViewController.swift */; };
		491E3F531F983E560014B8C1 /* CalculationMethodsViewController.swift in Sources */ = {isa = PBXBuildFile; fileRef = 491E3F521F983E560014B8C1 /* CalculationMethodsViewController.swift */; };
		491E3F751F990C320014B8C1 /* Location.swift in Sources */ = {isa = PBXBuildFile; fileRef = 491E3F741F990C320014B8C1 /* Location.swift */; };
		491EF5D41F991E6F005AF6FB /* MBProgressHUD.m in Sources */ = {isa = PBXBuildFile; fileRef = 491EF5D31F991E6F005AF6FB /* MBProgressHUD.m */; };
		491EF5D61F992FE4005AF6FB /* Location+Alarm.swift in Sources */ = {isa = PBXBuildFile; fileRef = 491EF5D51F992FE4005AF6FB /* Location+Alarm.swift */; };
		4934E5151F9E7755006FEC04 /* roosterSound.wav in Resources */ = {isa = PBXBuildFile; fileRef = 4934E5141F9E774E006FEC04 /* roosterSound.wav */; };
		4934E5171F9E8444006FEC04 /* NotificationErrorViewController.swift in Sources */ = {isa = PBXBuildFile; fileRef = 4934E5161F9E8444006FEC04 /* NotificationErrorViewController.swift */; };
		4934E5191F9E8CAA006FEC04 /* WelcomeViewController.swift in Sources */ = {isa = PBXBuildFile; fileRef = 4934E5181F9E8CAA006FEC04 /* WelcomeViewController.swift */; };
		4979A2B31F969C29007071E2 /* AppDelegate.swift in Sources */ = {isa = PBXBuildFile; fileRef = 4979A2B21F969C29007071E2 /* AppDelegate.swift */; };
		4979A2B51F969C2A007071E2 /* SetupViewController.swift in Sources */ = {isa = PBXBuildFile; fileRef = 4979A2B41F969C2A007071E2 /* SetupViewController.swift */; };
		4979A2B81F969C2A007071E2 /* Main.storyboard in Resources */ = {isa = PBXBuildFile; fileRef = 4979A2B61F969C2A007071E2 /* Main.storyboard */; };
		4979A2BA1F969C2A007071E2 /* Assets.xcassets in Resources */ = {isa = PBXBuildFile; fileRef = 4979A2B91F969C2A007071E2 /* Assets.xcassets */; };
		4979A2BD1F969C2A007071E2 /* LaunchScreen.storyboard in Resources */ = {isa = PBXBuildFile; fileRef = 4979A2BB1F969C2A007071E2 /* LaunchScreen.storyboard */; };
		4979A2C51F96ACCD007071E2 /* UIColor+brand.swift in Sources */ = {isa = PBXBuildFile; fileRef = 4979A2C41F96ACCD007071E2 /* UIColor+brand.swift */; };
		498D75961F99588200A0A969 /* FiredAlarmViewController.swift in Sources */ = {isa = PBXBuildFile; fileRef = 498D75951F99588200A0A969 /* FiredAlarmViewController.swift */; };
		498D75981F99A89A00A0A969 /* UIViewController+ViewControllerTypes.swift in Sources */ = {isa = PBXBuildFile; fileRef = 498D75971F99A89A00A0A969 /* UIViewController+ViewControllerTypes.swift */; };
		49A2C63F1F9718AA00F7A23E /* HomeViewController.swift in Sources */ = {isa = PBXBuildFile; fileRef = 49A2C63E1F9718AA00F7A23E /* HomeViewController.swift */; };
		49A2C6421F971F6A00F7A23E /* Alarm.swift in Sources */ = {isa = PBXBuildFile; fileRef = 49A2C6411F971F6A00F7A23E /* Alarm.swift */; };
		49A2C6441F9723BB00F7A23E /* Date+Helpers.swift in Sources */ = {isa = PBXBuildFile; fileRef = 49A2C6431F9723BB00F7A23E /* Date+Helpers.swift */; };
		49A2C6461F97242000F7A23E /* UserDefaults+SwiftyUserDefaults.swift in Sources */ = {isa = PBXBuildFile; fileRef = 49A2C6451F97242000F7A23E /* UserDefaults+SwiftyUserDefaults.swift */; };
		49A2C6491F97244F00F7A23E /* Ringtones.swift in Sources */ = {isa = PBXBuildFile; fileRef = 49A2C6481F97244F00F7A23E /* Ringtones.swift */; };
		49A2C64B1F97245B00F7A23E /* Alarm+Settings.swift in Sources */ = {isa = PBXBuildFile; fileRef = 49A2C64A1F97245B00F7A23E /* Alarm+Settings.swift */; };
		49A2C64D1F97247700F7A23E /* Alarm+LocalNotifications.swift in Sources */ = {isa = PBXBuildFile; fileRef = 49A2C64C1F97247700F7A23E /* Alarm+LocalNotifications.swift */; };
		49A2C6621F97267300F7A23E /* PrayTime.m in Sources */ = {isa = PBXBuildFile; fileRef = 49A2C6611F97267300F7A23E /* PrayTime.m */; };
		49BA6F741F9AA1BB00A5D45C /* UIKit+Animate.swift in Sources */ = {isa = PBXBuildFile; fileRef = 49BA6F731F9AA1BB00A5D45C /* UIKit+Animate.swift */; };
		49E60B081F99BAA600014B0B /* SweetAlert.swift in Sources */ = {isa = PBXBuildFile; fileRef = 49E60B071F99BAA600014B0B /* SweetAlert.swift */; };
		49E60B0A1F99CE1D00014B0B /* Alarm+Location.swift in Sources */ = {isa = PBXBuildFile; fileRef = 49E60B091F99CE1D00014B0B /* Alarm+Location.swift */; };
		A505F9F972BD20EF73B5AB4F /* Pods_Fajr_Wake.framework in Frameworks */ = {isa = PBXBuildFile; fileRef = 3E3916DA3BE1428835F8092D /* Pods_Fajr_Wake.framework */; };
/* End PBXBuildFile section */

/* Begin PBXFileReference section */
		3E3916DA3BE1428835F8092D /* Pods_Fajr_Wake.framework */ = {isa = PBXFileReference; explicitFileType = wrapper.framework; includeInIndex = 0; path = Pods_Fajr_Wake.framework; sourceTree = BUILT_PRODUCTS_DIR; };
		49028AF71F96B1BF009B95D7 /* Prayer.swift */ = {isa = PBXFileReference; lastKnownFileType = sourcecode.swift; path = Prayer.swift; sourceTree = "<group>"; };
		490D96101FA1133800314937 /* NSAttributedString+Helpers.swift */ = {isa = PBXFileReference; lastKnownFileType = sourcecode.swift; path = "NSAttributedString+Helpers.swift"; sourceTree = "<group>"; };
		491E3F3B1F97BA480014B8C1 /* FontAwesome.ttf */ = {isa = PBXFileReference; lastKnownFileType = file; path = FontAwesome.ttf; sourceTree = "<group>"; };
		491E3F3D1F97BF590014B8C1 /* SoundPlayer.swift */ = {isa = PBXFileReference; lastKnownFileType = sourcecode.swift; path = SoundPlayer.swift; sourceTree = "<group>"; };
		491E3F4E1F97F91A0014B8C1 /* RingtonesViewControllers.swift */ = {isa = PBXFileReference; lastKnownFileType = sourcecode.swift; path = RingtonesViewControllers.swift; sourceTree = "<group>"; };
		491E3F501F983A4C0014B8C1 /* SettingsTableViewController.swift */ = {isa = PBXFileReference; lastKnownFileType = sourcecode.swift; path = SettingsTableViewController.swift; sourceTree = "<group>"; };
		491E3F521F983E560014B8C1 /* CalculationMethodsViewController.swift */ = {isa = PBXFileReference; lastKnownFileType = sourcecode.swift; path = CalculationMethodsViewController.swift; sourceTree = "<group>"; };
		491E3F741F990C320014B8C1 /* Location.swift */ = {isa = PBXFileReference; lastKnownFileType = sourcecode.swift; path = Location.swift; sourceTree = "<group>"; };
		491EF5D21F991E6F005AF6FB /* MBProgressHUD.h */ = {isa = PBXFileReference; lastKnownFileType = sourcecode.c.h; path = MBProgressHUD.h; sourceTree = "<group>"; };
		491EF5D31F991E6F005AF6FB /* MBProgressHUD.m */ = {isa = PBXFileReference; lastKnownFileType = sourcecode.c.objc; path = MBProgressHUD.m; sourceTree = "<group>"; };
		491EF5D51F992FE4005AF6FB /* Location+Alarm.swift */ = {isa = PBXFileReference; lastKnownFileType = sourcecode.swift; path = "Location+Alarm.swift"; sourceTree = "<group>"; };
		4934E5141F9E774E006FEC04 /* roosterSound.wav */ = {isa = PBXFileReference; lastKnownFileType = audio.wav; path = roosterSound.wav; sourceTree = "<group>"; };
		4934E5161F9E8444006FEC04 /* NotificationErrorViewController.swift */ = {isa = PBXFileReference; lastKnownFileType = sourcecode.swift; path = NotificationErrorViewController.swift; sourceTree = "<group>"; };
		4934E5181F9E8CAA006FEC04 /* WelcomeViewController.swift */ = {isa = PBXFileReference; lastKnownFileType = sourcecode.swift; path = WelcomeViewController.swift; sourceTree = "<group>"; };
		4979A2AF1F969C29007071E2 /* Fajr Wake.app */ = {isa = PBXFileReference; explicitFileType = wrapper.application; includeInIndex = 0; path = "Fajr Wake.app"; sourceTree = BUILT_PRODUCTS_DIR; };
		4979A2B21F969C29007071E2 /* AppDelegate.swift */ = {isa = PBXFileReference; lastKnownFileType = sourcecode.swift; path = AppDelegate.swift; sourceTree = "<group>"; };
		4979A2B41F969C2A007071E2 /* SetupViewController.swift */ = {isa = PBXFileReference; lastKnownFileType = sourcecode.swift; path = SetupViewController.swift; sourceTree = "<group>"; };
		4979A2B71F969C2A007071E2 /* Base */ = {isa = PBXFileReference; lastKnownFileType = file.storyboard; name = Base; path = Base.lproj/Main.storyboard; sourceTree = "<group>"; };
		4979A2B91F969C2A007071E2 /* Assets.xcassets */ = {isa = PBXFileReference; lastKnownFileType = folder.assetcatalog; path = Assets.xcassets; sourceTree = "<group>"; };
		4979A2BC1F969C2A007071E2 /* Base */ = {isa = PBXFileReference; lastKnownFileType = file.storyboard; name = Base; path = Base.lproj/LaunchScreen.storyboard; sourceTree = "<group>"; };
		4979A2BE1F969C2A007071E2 /* Info.plist */ = {isa = PBXFileReference; lastKnownFileType = text.plist.xml; path = Info.plist; sourceTree = "<group>"; };
		4979A2C41F96ACCD007071E2 /* UIColor+brand.swift */ = {isa = PBXFileReference; lastKnownFileType = sourcecode.swift; path = "UIColor+brand.swift"; sourceTree = "<group>"; };
		498D75951F99588200A0A969 /* FiredAlarmViewController.swift */ = {isa = PBXFileReference; lastKnownFileType = sourcecode.swift; path = FiredAlarmViewController.swift; sourceTree = "<group>"; };
		498D75971F99A89A00A0A969 /* UIViewController+ViewControllerTypes.swift */ = {isa = PBXFileReference; lastKnownFileType = sourcecode.swift; path = "UIViewController+ViewControllerTypes.swift"; sourceTree = "<group>"; };
		49A2C63E1F9718AA00F7A23E /* HomeViewController.swift */ = {isa = PBXFileReference; lastKnownFileType = sourcecode.swift; path = HomeViewController.swift; sourceTree = "<group>"; };
		49A2C6411F971F6A00F7A23E /* Alarm.swift */ = {isa = PBXFileReference; lastKnownFileType = sourcecode.swift; path = Alarm.swift; sourceTree = "<group>"; };
		49A2C6431F9723BB00F7A23E /* Date+Helpers.swift */ = {isa = PBXFileReference; lastKnownFileType = sourcecode.swift; path = "Date+Helpers.swift"; sourceTree = "<group>"; };
		49A2C6451F97242000F7A23E /* UserDefaults+SwiftyUserDefaults.swift */ = {isa = PBXFileReference; lastKnownFileType = sourcecode.swift; path = "UserDefaults+SwiftyUserDefaults.swift"; sourceTree = "<group>"; };
		49A2C6481F97244F00F7A23E /* Ringtones.swift */ = {isa = PBXFileReference; lastKnownFileType = sourcecode.swift; path = Ringtones.swift; sourceTree = "<group>"; };
		49A2C64A1F97245B00F7A23E /* Alarm+Settings.swift */ = {isa = PBXFileReference; lastKnownFileType = sourcecode.swift; path = "Alarm+Settings.swift"; sourceTree = "<group>"; };
		49A2C64C1F97247700F7A23E /* Alarm+LocalNotifications.swift */ = {isa = PBXFileReference; lastKnownFileType = sourcecode.swift; path = "Alarm+LocalNotifications.swift"; sourceTree = "<group>"; };
		49A2C6501F97261100F7A23E /* AbatharAlHalawaji.aiff */ = {isa = PBXFileReference; lastKnownFileType = audio.aiff; path = AbatharAlHalawaji.aiff; sourceTree = "<group>"; };
		49A2C6511F97261700F7A23E /* Rozayghi.aiff */ = {isa = PBXFileReference; lastKnownFileType = audio.aiff; path = Rozayghi.aiff; sourceTree = "<group>"; };
		49A2C6521F97261700F7A23E /* DuaKumayl.aiff */ = {isa = PBXFileReference; lastKnownFileType = audio.aiff; path = DuaKumayl.aiff; sourceTree = "<group>"; };
		49A2C6531F97261800F7A23E /* Crickets.aiff */ = {isa = PBXFileReference; lastKnownFileType = audio.aiff; path = Crickets.aiff; sourceTree = "<group>"; };
		49A2C6541F97261800F7A23E /* MozenZadeh.aiff */ = {isa = PBXFileReference; lastKnownFileType = audio.aiff; path = MozenZadeh.aiff; sourceTree = "<group>"; };
		49A2C6551F97261900F7A23E /* MunajatMuhibeen.aiff */ = {isa = PBXFileReference; lastKnownFileType = audio.aiff; path = MunajatMuhibeen.aiff; sourceTree = "<group>"; };
		49A2C6561F97261A00F7A23E /* AbdulBasit.aiff */ = {isa = PBXFileReference; lastKnownFileType = audio.aiff; path = AbdulBasit.aiff; sourceTree = "<group>"; };
		49A2C6571F97261B00F7A23E /* BirdsChirping2.aiff */ = {isa = PBXFileReference; lastKnownFileType = audio.aiff; path = BirdsChirping2.aiff; sourceTree = "<group>"; };
		49A2C6581F97261B00F7A23E /* KazemZadeh.aiff */ = {isa = PBXFileReference; lastKnownFileType = audio.aiff; path = KazemZadeh.aiff; sourceTree = "<group>"; };
		49A2C6591F97261B00F7A23E /* MunajatImamAli.aiff */ = {isa = PBXFileReference; lastKnownFileType = audio.aiff; path = MunajatImamAli.aiff; sourceTree = "<group>"; };
		49A2C65A1F97261C00F7A23E /* BirdsChirping.aiff */ = {isa = PBXFileReference; lastKnownFileType = audio.aiff; path = BirdsChirping.aiff; sourceTree = "<group>"; };
		49A2C65B1F97261D00F7A23E /* DuaMujeer.aiff */ = {isa = PBXFileReference; lastKnownFileType = audio.aiff; path = DuaMujeer.aiff; sourceTree = "<group>"; };
		49A2C65C1F97261E00F7A23E /* Ocean.aiff */ = {isa = PBXFileReference; lastKnownFileType = audio.aiff; path = Ocean.aiff; sourceTree = "<group>"; };
		49A2C65D1F97261E00F7A23E /* DuaJaushanKabeer.aiff */ = {isa = PBXFileReference; lastKnownFileType = audio.aiff; path = DuaJaushanKabeer.aiff; sourceTree = "<group>"; };
		49A2C65E1F97261F00F7A23E /* TasviehChi.aiff */ = {isa = PBXFileReference; lastKnownFileType = audio.aiff; path = TasviehChi.aiff; sourceTree = "<group>"; };
		49A2C65F1F97265700F7A23E /* PrayTime.h */ = {isa = PBXFileReference; lastKnownFileType = sourcecode.c.h; path = PrayTime.h; sourceTree = "<group>"; };
		49A2C6601F97267300F7A23E /* Fajr Wake-Bridging-Header.h */ = {isa = PBXFileReference; lastKnownFileType = sourcecode.c.h; path = "Fajr Wake-Bridging-Header.h"; sourceTree = "<group>"; };
		49A2C6611F97267300F7A23E /* PrayTime.m */ = {isa = PBXFileReference; lastKnownFileType = sourcecode.c.objc; path = PrayTime.m; sourceTree = "<group>"; };
		49BA6F731F9AA1BB00A5D45C /* UIKit+Animate.swift */ = {isa = PBXFileReference; lastKnownFileType = sourcecode.swift; path = "UIKit+Animate.swift"; sourceTree = "<group>"; };
		49E60B071F99BAA600014B0B /* SweetAlert.swift */ = {isa = PBXFileReference; lastKnownFileType = sourcecode.swift; path = SweetAlert.swift; sourceTree = "<group>"; };
		49E60B091F99CE1D00014B0B /* Alarm+Location.swift */ = {isa = PBXFileReference; lastKnownFileType = sourcecode.swift; path = "Alarm+Location.swift"; sourceTree = "<group>"; };
		52BFD9FC514B17D2175F2166 /* Pods-Fajr Wake.debug.xcconfig */ = {isa = PBXFileReference; includeInIndex = 1; lastKnownFileType = text.xcconfig; name = "Pods-Fajr Wake.debug.xcconfig"; path = "Pods/Target Support Files/Pods-Fajr Wake/Pods-Fajr Wake.debug.xcconfig"; sourceTree = "<group>"; };
		6679A138E4A4D3BC36CD1F63 /* Pods-Fajr Wake.release.xcconfig */ = {isa = PBXFileReference; includeInIndex = 1; lastKnownFileType = text.xcconfig; name = "Pods-Fajr Wake.release.xcconfig"; path = "Pods/Target Support Files/Pods-Fajr Wake/Pods-Fajr Wake.release.xcconfig"; sourceTree = "<group>"; };
/* End PBXFileReference section */

/* Begin PBXFrameworksBuildPhase section */
		4979A2AC1F969C29007071E2 /* Frameworks */ = {
			isa = PBXFrameworksBuildPhase;
			buildActionMask = 2147483647;
			files = (
				A505F9F972BD20EF73B5AB4F /* Pods_Fajr_Wake.framework in Frameworks */,
			);
			runOnlyForDeploymentPostprocessing = 0;
		};
/* End PBXFrameworksBuildPhase section */

/* Begin PBXGroup section */
		45965F25C5096850A48B413C /* Pods */ = {
			isa = PBXGroup;
			children = (
				52BFD9FC514B17D2175F2166 /* Pods-Fajr Wake.debug.xcconfig */,
				6679A138E4A4D3BC36CD1F63 /* Pods-Fajr Wake.release.xcconfig */,
			);
			name = Pods;
			sourceTree = "<group>";
		};
		49028AF91F96B1C2009B95D7 /* Models */ = {
			isa = PBXGroup;
			children = (
				49A2C6411F971F6A00F7A23E /* Alarm.swift */,
				491E3F3D1F97BF590014B8C1 /* SoundPlayer.swift */,
				49A2C6481F97244F00F7A23E /* Ringtones.swift */,
				49028AF71F96B1BF009B95D7 /* Prayer.swift */,
				49A2C6601F97267300F7A23E /* Fajr Wake-Bridging-Header.h */,
			);
			path = Models;
			sourceTree = "<group>";
		};
		491E3F761F990C370014B8C1 /* Libraries */ = {
			isa = PBXGroup;
			children = (
				491E3F741F990C320014B8C1 /* Location.swift */,
				49A2C65F1F97265700F7A23E /* PrayTime.h */,
				49A2C6611F97267300F7A23E /* PrayTime.m */,
				491EF5D21F991E6F005AF6FB /* MBProgressHUD.h */,
				491EF5D31F991E6F005AF6FB /* MBProgressHUD.m */,
				49E60B071F99BAA600014B0B /* SweetAlert.swift */,
			);
			path = Libraries;
			sourceTree = "<group>";
		};
		4979A2A61F969C29007071E2 = {
			isa = PBXGroup;
			children = (
				4979A2B11F969C29007071E2 /* Fajr Wake */,
				4979A2B01F969C29007071E2 /* Products */,
				45965F25C5096850A48B413C /* Pods */,
				51BA117A2A0212CA4C48D162 /* Frameworks */,
			);
			sourceTree = "<group>";
		};
		4979A2B01F969C29007071E2 /* Products */ = {
			isa = PBXGroup;
			children = (
				4979A2AF1F969C29007071E2 /* Fajr Wake.app */,
			);
			name = Products;
			sourceTree = "<group>";
		};
		4979A2B11F969C29007071E2 /* Fajr Wake */ = {
			isa = PBXGroup;
			children = (
				4979A2B21F969C29007071E2 /* AppDelegate.swift */,
				491E3F761F990C370014B8C1 /* Libraries */,
				49028AF91F96B1C2009B95D7 /* Models */,
				4979A2C71F96AD6D007071E2 /* Controllers */,
				4979A2B61F969C2A007071E2 /* Main.storyboard */,
				4979A2BB1F969C2A007071E2 /* LaunchScreen.storyboard */,
				49A2C64E1F9725D800F7A23E /* Assets */,
				4979A2BE1F969C2A007071E2 /* Info.plist */,
				4979A2C61F96ACF0007071E2 /* Extensions */,
			);
			path = "Fajr Wake";
			sourceTree = "<group>";
		};
		4979A2C61F96ACF0007071E2 /* Extensions */ = {
			isa = PBXGroup;
			children = (
				49A2C6451F97242000F7A23E /* UserDefaults+SwiftyUserDefaults.swift */,
				49E60B091F99CE1D00014B0B /* Alarm+Location.swift */,
				490D96101FA1133800314937 /* NSAttributedString+Helpers.swift */,
				491EF5D51F992FE4005AF6FB /* Location+Alarm.swift */,
				49A2C64A1F97245B00F7A23E /* Alarm+Settings.swift */,
				49A2C64C1F97247700F7A23E /* Alarm+LocalNotifications.swift */,
				4979A2C41F96ACCD007071E2 /* UIColor+brand.swift */,
				49A2C6431F9723BB00F7A23E /* Date+Helpers.swift */,
				498D75971F99A89A00A0A969 /* UIViewController+ViewControllerTypes.swift */,
				49BA6F731F9AA1BB00A5D45C /* UIKit+Animate.swift */,
			);
			path = Extensions;
			sourceTree = "<group>";
		};
		4979A2C71F96AD6D007071E2 /* Controllers */ = {
			isa = PBXGroup;
			children = (
				49A2C63E1F9718AA00F7A23E /* HomeViewController.swift */,
				491E3F501F983A4C0014B8C1 /* SettingsTableViewController.swift */,
				491E3F4E1F97F91A0014B8C1 /* RingtonesViewControllers.swift */,
				491E3F521F983E560014B8C1 /* CalculationMethodsViewController.swift */,
				498D75951F99588200A0A969 /* FiredAlarmViewController.swift */,
				4979A2B41F969C2A007071E2 /* SetupViewController.swift */,
				4934E5161F9E8444006FEC04 /* NotificationErrorViewController.swift */,
				4934E5181F9E8CAA006FEC04 /* WelcomeViewController.swift */,
			);
			path = Controllers;
			sourceTree = "<group>";
		};
		49A2C64E1F9725D800F7A23E /* Assets */ = {
			isa = PBXGroup;
			children = (
				491E3F3B1F97BA480014B8C1 /* FontAwesome.ttf */,
				4979A2B91F969C2A007071E2 /* Assets.xcassets */,
				49A2C64F1F9725F200F7A23E /* Sounds */,
			);
			path = Assets;
			sourceTree = "<group>";
		};
		49A2C64F1F9725F200F7A23E /* Sounds */ = {
			isa = PBXGroup;
			children = (
				49A2C6501F97261100F7A23E /* AbatharAlHalawaji.aiff */,
				49A2C6561F97261A00F7A23E /* AbdulBasit.aiff */,
				49A2C65A1F97261C00F7A23E /* BirdsChirping.aiff */,
				49A2C6571F97261B00F7A23E /* BirdsChirping2.aiff */,
				49A2C6531F97261800F7A23E /* Crickets.aiff */,
				49A2C65D1F97261E00F7A23E /* DuaJaushanKabeer.aiff */,
				49A2C6521F97261700F7A23E /* DuaKumayl.aiff */,
				49A2C65B1F97261D00F7A23E /* DuaMujeer.aiff */,
				49A2C6581F97261B00F7A23E /* KazemZadeh.aiff */,
				49A2C6541F97261800F7A23E /* MozenZadeh.aiff */,
				49A2C6591F97261B00F7A23E /* MunajatImamAli.aiff */,
				4934E5141F9E774E006FEC04 /* roosterSound.wav */,
				49A2C6551F97261900F7A23E /* MunajatMuhibeen.aiff */,
				49A2C65C1F97261E00F7A23E /* Ocean.aiff */,
				49A2C6511F97261700F7A23E /* Rozayghi.aiff */,
				49A2C65E1F97261F00F7A23E /* TasviehChi.aiff */,
			);
			path = Sounds;
			sourceTree = "<group>";
		};
		51BA117A2A0212CA4C48D162 /* Frameworks */ = {
			isa = PBXGroup;
			children = (
				3E3916DA3BE1428835F8092D /* Pods_Fajr_Wake.framework */,
			);
			name = Frameworks;
			sourceTree = "<group>";
		};
/* End PBXGroup section */

/* Begin PBXNativeTarget section */
		4979A2AE1F969C29007071E2 /* Fajr Wake */ = {
			isa = PBXNativeTarget;
			buildConfigurationList = 4979A2C11F969C2A007071E2 /* Build configuration list for PBXNativeTarget "Fajr Wake" */;
			buildPhases = (
				52C72EB9FA17F519F07814A0 /* [CP] Check Pods Manifest.lock */,
				4979A2AB1F969C29007071E2 /* Sources */,
				4979A2AC1F969C29007071E2 /* Frameworks */,
				4979A2AD1F969C29007071E2 /* Resources */,
				D091DDE21B744869FE3252AB /* [CP] Embed Pods Frameworks */,
				D8DD51913631E218C95458EF /* [CP] Copy Pods Resources */,
			);
			buildRules = (
			);
			dependencies = (
			);
			name = "Fajr Wake";
			productName = "Fajr Wake";
			productReference = 4979A2AF1F969C29007071E2 /* Fajr Wake.app */;
			productType = "com.apple.product-type.application";
		};
/* End PBXNativeTarget section */

/* Begin PBXProject section */
		4979A2A71F969C29007071E2 /* Project object */ = {
			isa = PBXProject;
			attributes = {
				LastSwiftUpdateCheck = 0900;
				LastUpgradeCheck = 0900;
				ORGANIZATIONNAME = com.AliMir;
				TargetAttributes = {
					4979A2AE1F969C29007071E2 = {
						CreatedOnToolsVersion = 9.0;
						LastSwiftMigration = 0900;
						ProvisioningStyle = Automatic;
					};
				};
			};
			buildConfigurationList = 4979A2AA1F969C29007071E2 /* Build configuration list for PBXProject "Fajr Wake" */;
			compatibilityVersion = "Xcode 8.0";
			developmentRegion = en;
			hasScannedForEncodings = 0;
			knownRegions = (
				en,
				Base,
			);
			mainGroup = 4979A2A61F969C29007071E2;
			productRefGroup = 4979A2B01F969C29007071E2 /* Products */;
			projectDirPath = "";
			projectRoot = "";
			targets = (
				4979A2AE1F969C29007071E2 /* Fajr Wake */,
			);
		};
/* End PBXProject section */

/* Begin PBXResourcesBuildPhase section */
		4979A2AD1F969C29007071E2 /* Resources */ = {
			isa = PBXResourcesBuildPhase;
			buildActionMask = 2147483647;
			files = (
				491E3F481F97F3980014B8C1 /* MozenZadeh.aiff in Resources */,
				491E3F431F97F3980014B8C1 /* Crickets.aiff in Resources */,
				491E3F411F97F3980014B8C1 /* BirdsChirping.aiff in Resources */,
				491E3F4D1F97F3980014B8C1 /* TasviehChi.aiff in Resources */,
				491E3F491F97F3980014B8C1 /* MunajatImamAli.aiff in Resources */,
				491E3F421F97F3980014B8C1 /* BirdsChirping2.aiff in Resources */,
				491E3F4A1F97F3980014B8C1 /* MunajatMuhibeen.aiff in Resources */,
				491E3F4B1F97F3980014B8C1 /* Ocean.aiff in Resources */,
				4979A2BD1F969C2A007071E2 /* LaunchScreen.storyboard in Resources */,
				4979A2BA1F969C2A007071E2 /* Assets.xcassets in Resources */,
				491E3F441F97F3980014B8C1 /* DuaJaushanKabeer.aiff in Resources */,
				491E3F401F97F3980014B8C1 /* AbdulBasit.aiff in Resources */,
				491E3F3F1F97F3930014B8C1 /* AbatharAlHalawaji.aiff in Resources */,
				491E3F471F97F3980014B8C1 /* KazemZadeh.aiff in Resources */,
				491E3F461F97F3980014B8C1 /* DuaMujeer.aiff in Resources */,
				4934E5151F9E7755006FEC04 /* roosterSound.wav in Resources */,
				491E3F4C1F97F3980014B8C1 /* Rozayghi.aiff in Resources */,
				4979A2B81F969C2A007071E2 /* Main.storyboard in Resources */,
				491E3F3C1F97BAA30014B8C1 /* FontAwesome.ttf in Resources */,
				491E3F451F97F3980014B8C1 /* DuaKumayl.aiff in Resources */,
			);
			runOnlyForDeploymentPostprocessing = 0;
		};
/* End PBXResourcesBuildPhase section */

/* Begin PBXShellScriptBuildPhase section */
		52C72EB9FA17F519F07814A0 /* [CP] Check Pods Manifest.lock */ = {
			isa = PBXShellScriptBuildPhase;
			buildActionMask = 2147483647;
			files = (
			);
			inputPaths = (
				"${PODS_PODFILE_DIR_PATH}/Podfile.lock",
				"${PODS_ROOT}/Manifest.lock",
			);
			name = "[CP] Check Pods Manifest.lock";
			outputPaths = (
				"$(DERIVED_FILE_DIR)/Pods-Fajr Wake-checkManifestLockResult.txt",
			);
			runOnlyForDeploymentPostprocessing = 0;
			shellPath = /bin/sh;
			shellScript = "diff \"${PODS_PODFILE_DIR_PATH}/Podfile.lock\" \"${PODS_ROOT}/Manifest.lock\" > /dev/null\nif [ $? != 0 ] ; then\n    # print error to STDERR\n    echo \"error: The sandbox is not in sync with the Podfile.lock. Run 'pod install' or update your CocoaPods installation.\" >&2\n    exit 1\nfi\n# This output is used by Xcode 'outputs' to avoid re-running this script phase.\necho \"SUCCESS\" > \"${SCRIPT_OUTPUT_FILE_0}\"\n";
			showEnvVarsInLog = 0;
		};
		D091DDE21B744869FE3252AB /* [CP] Embed Pods Frameworks */ = {
			isa = PBXShellScriptBuildPhase;
			buildActionMask = 2147483647;
			files = (
			);
			inputPaths = (
				"${SRCROOT}/Pods/Target Support Files/Pods-Fajr Wake/Pods-Fajr Wake-frameworks.sh",
				"${BUILT_PRODUCTS_DIR}/HGCircularSlider/HGCircularSlider.framework",
			);
			name = "[CP] Embed Pods Frameworks";
			outputPaths = (
				"${TARGET_BUILD_DIR}/${FRAMEWORKS_FOLDER_PATH}/HGCircularSlider.framework",
			);
			runOnlyForDeploymentPostprocessing = 0;
			shellPath = /bin/sh;
			shellScript = "\"${SRCROOT}/Pods/Target Support Files/Pods-Fajr Wake/Pods-Fajr Wake-frameworks.sh\"\n";
			showEnvVarsInLog = 0;
		};
		D8DD51913631E218C95458EF /* [CP] Copy Pods Resources */ = {
			isa = PBXShellScriptBuildPhase;
			buildActionMask = 2147483647;
			files = (
			);
			inputPaths = (
			);
			name = "[CP] Copy Pods Resources";
			outputPaths = (
			);
			runOnlyForDeploymentPostprocessing = 0;
			shellPath = /bin/sh;
			shellScript = "\"${SRCROOT}/Pods/Target Support Files/Pods-Fajr Wake/Pods-Fajr Wake-resources.sh\"\n";
			showEnvVarsInLog = 0;
		};
/* End PBXShellScriptBuildPhase section */

/* Begin PBXSourcesBuildPhase section */
		4979A2AB1F969C29007071E2 /* Sources */ = {
			isa = PBXSourcesBuildPhase;
			buildActionMask = 2147483647;
			files = (
				491EF5D61F992FE4005AF6FB /* Location+Alarm.swift in Sources */,
				491E3F3E1F97BF590014B8C1 /* SoundPlayer.swift in Sources */,
				491E3F751F990C320014B8C1 /* Location.swift in Sources */,
				49A2C64D1F97247700F7A23E /* Alarm+LocalNotifications.swift in Sources */,
				49A2C6461F97242000F7A23E /* UserDefaults+SwiftyUserDefaults.swift in Sources */,
				491E3F531F983E560014B8C1 /* CalculationMethodsViewController.swift in Sources */,
				49A2C63F1F9718AA00F7A23E /* HomeViewController.swift in Sources */,
				4979A2B51F969C2A007071E2 /* SetupViewController.swift in Sources */,
				49A2C6441F9723BB00F7A23E /* Date+Helpers.swift in Sources */,
				49A2C6621F97267300F7A23E /* PrayTime.m in Sources */,
				49A2C64B1F97245B00F7A23E /* Alarm+Settings.swift in Sources */,
				498D75981F99A89A00A0A969 /* UIViewController+ViewControllerTypes.swift in Sources */,
				491E3F4F1F97F91A0014B8C1 /* RingtonesViewControllers.swift in Sources */,
				49E60B081F99BAA600014B0B /* SweetAlert.swift in Sources */,
				4979A2C51F96ACCD007071E2 /* UIColor+brand.swift in Sources */,
				49028AF81F96B1BF009B95D7 /* Prayer.swift in Sources */,
				491EF5D41F991E6F005AF6FB /* MBProgressHUD.m in Sources */,
				498D75961F99588200A0A969 /* FiredAlarmViewController.swift in Sources */,
				4934E5171F9E8444006FEC04 /* NotificationErrorViewController.swift in Sources */,
				4934E5191F9E8CAA006FEC04 /* WelcomeViewController.swift in Sources */,
				49E60B0A1F99CE1D00014B0B /* Alarm+Location.swift in Sources */,
				491E3F511F983A4C0014B8C1 /* SettingsTableViewController.swift in Sources */,
				49A2C6491F97244F00F7A23E /* Ringtones.swift in Sources */,
				49BA6F741F9AA1BB00A5D45C /* UIKit+Animate.swift in Sources */,
				490D96111FA1133800314937 /* NSAttributedString+Helpers.swift in Sources */,
				4979A2B31F969C29007071E2 /* AppDelegate.swift in Sources */,
				49A2C6421F971F6A00F7A23E /* Alarm.swift in Sources */,
			);
			runOnlyForDeploymentPostprocessing = 0;
		};
/* End PBXSourcesBuildPhase section */

/* Begin PBXVariantGroup section */
		4979A2B61F969C2A007071E2 /* Main.storyboard */ = {
			isa = PBXVariantGroup;
			children = (
				4979A2B71F969C2A007071E2 /* Base */,
			);
			name = Main.storyboard;
			sourceTree = "<group>";
		};
		4979A2BB1F969C2A007071E2 /* LaunchScreen.storyboard */ = {
			isa = PBXVariantGroup;
			children = (
				4979A2BC1F969C2A007071E2 /* Base */,
			);
			name = LaunchScreen.storyboard;
			sourceTree = "<group>";
		};
/* End PBXVariantGroup section */

/* Begin XCBuildConfiguration section */
		4979A2BF1F969C2A007071E2 /* Debug */ = {
			isa = XCBuildConfiguration;
			buildSettings = {
				ALWAYS_SEARCH_USER_PATHS = NO;
				CLANG_ANALYZER_NONNULL = YES;
				CLANG_ANALYZER_NUMBER_OBJECT_CONVERSION = YES_AGGRESSIVE;
				CLANG_CXX_LANGUAGE_STANDARD = "gnu++14";
				CLANG_CXX_LIBRARY = "libc++";
				CLANG_ENABLE_MODULES = YES;
				CLANG_ENABLE_OBJC_ARC = YES;
				CLANG_WARN_BLOCK_CAPTURE_AUTORELEASING = YES;
				CLANG_WARN_BOOL_CONVERSION = YES;
				CLANG_WARN_COMMA = YES;
				CLANG_WARN_CONSTANT_CONVERSION = YES;
				CLANG_WARN_DIRECT_OBJC_ISA_USAGE = YES_ERROR;
				CLANG_WARN_DOCUMENTATION_COMMENTS = YES;
				CLANG_WARN_EMPTY_BODY = YES;
				CLANG_WARN_ENUM_CONVERSION = YES;
				CLANG_WARN_INFINITE_RECURSION = YES;
				CLANG_WARN_INT_CONVERSION = YES;
				CLANG_WARN_NON_LITERAL_NULL_CONVERSION = YES;
				CLANG_WARN_OBJC_LITERAL_CONVERSION = YES;
				CLANG_WARN_OBJC_ROOT_CLASS = YES_ERROR;
				CLANG_WARN_RANGE_LOOP_ANALYSIS = YES;
				CLANG_WARN_STRICT_PROTOTYPES = YES;
				CLANG_WARN_SUSPICIOUS_MOVE = YES;
				CLANG_WARN_UNGUARDED_AVAILABILITY = YES_AGGRESSIVE;
				CLANG_WARN_UNREACHABLE_CODE = YES;
				CLANG_WARN__DUPLICATE_METHOD_MATCH = YES;
				CODE_SIGN_IDENTITY = "iPhone Developer";
				COPY_PHASE_STRIP = NO;
				DEBUG_INFORMATION_FORMAT = dwarf;
				ENABLE_STRICT_OBJC_MSGSEND = YES;
				ENABLE_TESTABILITY = YES;
				GCC_C_LANGUAGE_STANDARD = gnu11;
				GCC_DYNAMIC_NO_PIC = NO;
				GCC_NO_COMMON_BLOCKS = YES;
				GCC_OPTIMIZATION_LEVEL = 0;
				GCC_PREPROCESSOR_DEFINITIONS = (
					"DEBUG=1",
					"$(inherited)",
				);
				GCC_WARN_64_TO_32_BIT_CONVERSION = YES;
				GCC_WARN_ABOUT_RETURN_TYPE = YES_ERROR;
				GCC_WARN_UNDECLARED_SELECTOR = YES;
				GCC_WARN_UNINITIALIZED_AUTOS = YES_AGGRESSIVE;
				GCC_WARN_UNUSED_FUNCTION = YES;
				GCC_WARN_UNUSED_VARIABLE = YES;
				IPHONEOS_DEPLOYMENT_TARGET = 11.0;
				MTL_ENABLE_DEBUG_INFO = YES;
				ONLY_ACTIVE_ARCH = YES;
				SDKROOT = iphoneos;
				SWIFT_ACTIVE_COMPILATION_CONDITIONS = DEBUG;
				SWIFT_OPTIMIZATION_LEVEL = "-Onone";
			};
			name = Debug;
		};
		4979A2C01F969C2A007071E2 /* Release */ = {
			isa = XCBuildConfiguration;
			buildSettings = {
				ALWAYS_SEARCH_USER_PATHS = NO;
				CLANG_ANALYZER_NONNULL = YES;
				CLANG_ANALYZER_NUMBER_OBJECT_CONVERSION = YES_AGGRESSIVE;
				CLANG_CXX_LANGUAGE_STANDARD = "gnu++14";
				CLANG_CXX_LIBRARY = "libc++";
				CLANG_ENABLE_MODULES = YES;
				CLANG_ENABLE_OBJC_ARC = YES;
				CLANG_WARN_BLOCK_CAPTURE_AUTORELEASING = YES;
				CLANG_WARN_BOOL_CONVERSION = YES;
				CLANG_WARN_COMMA = YES;
				CLANG_WARN_CONSTANT_CONVERSION = YES;
				CLANG_WARN_DIRECT_OBJC_ISA_USAGE = YES_ERROR;
				CLANG_WARN_DOCUMENTATION_COMMENTS = YES;
				CLANG_WARN_EMPTY_BODY = YES;
				CLANG_WARN_ENUM_CONVERSION = YES;
				CLANG_WARN_INFINITE_RECURSION = YES;
				CLANG_WARN_INT_CONVERSION = YES;
				CLANG_WARN_NON_LITERAL_NULL_CONVERSION = YES;
				CLANG_WARN_OBJC_LITERAL_CONVERSION = YES;
				CLANG_WARN_OBJC_ROOT_CLASS = YES_ERROR;
				CLANG_WARN_RANGE_LOOP_ANALYSIS = YES;
				CLANG_WARN_STRICT_PROTOTYPES = YES;
				CLANG_WARN_SUSPICIOUS_MOVE = YES;
				CLANG_WARN_UNGUARDED_AVAILABILITY = YES_AGGRESSIVE;
				CLANG_WARN_UNREACHABLE_CODE = YES;
				CLANG_WARN__DUPLICATE_METHOD_MATCH = YES;
				CODE_SIGN_IDENTITY = "iPhone Developer";
				COPY_PHASE_STRIP = NO;
				DEBUG_INFORMATION_FORMAT = "dwarf-with-dsym";
				ENABLE_NS_ASSERTIONS = NO;
				ENABLE_STRICT_OBJC_MSGSEND = YES;
				GCC_C_LANGUAGE_STANDARD = gnu11;
				GCC_NO_COMMON_BLOCKS = YES;
				GCC_WARN_64_TO_32_BIT_CONVERSION = YES;
				GCC_WARN_ABOUT_RETURN_TYPE = YES_ERROR;
				GCC_WARN_UNDECLARED_SELECTOR = YES;
				GCC_WARN_UNINITIALIZED_AUTOS = YES_AGGRESSIVE;
				GCC_WARN_UNUSED_FUNCTION = YES;
				GCC_WARN_UNUSED_VARIABLE = YES;
				IPHONEOS_DEPLOYMENT_TARGET = 11.0;
				MTL_ENABLE_DEBUG_INFO = NO;
				SDKROOT = iphoneos;
				SWIFT_OPTIMIZATION_LEVEL = "-Owholemodule";
				VALIDATE_PRODUCT = YES;
			};
			name = Release;
		};
		4979A2C21F969C2A007071E2 /* Debug */ = {
			isa = XCBuildConfiguration;
			baseConfigurationReference = 52BFD9FC514B17D2175F2166 /* Pods-Fajr Wake.debug.xcconfig */;
			buildSettings = {
				ASSETCATALOG_COMPILER_APPICON_NAME = AppIcon;
				CLANG_ENABLE_MODULES = YES;
				CODE_SIGN_STYLE = Automatic;
				DEVELOPMENT_TEAM = M6ZVBN5V88;
				INFOPLIST_FILE = "Fajr Wake/Info.plist";
				IPHONEOS_DEPLOYMENT_TARGET = 10.0;
				LD_RUNPATH_SEARCH_PATHS = "$(inherited) @executable_path/Frameworks";
				PRODUCT_BUNDLE_IDENTIFIER = com.FajrWake.FajrWake;
				PRODUCT_NAME = "$(TARGET_NAME)";
				SWIFT_OBJC_BRIDGING_HEADER = "Fajr Wake/Models/Fajr Wake-Bridging-Header.h";
				SWIFT_OPTIMIZATION_LEVEL = "-Onone";
				SWIFT_VERSION = 4.0;
				TARGETED_DEVICE_FAMILY = 1;
			};
			name = Debug;
		};
		4979A2C31F969C2A007071E2 /* Release */ = {
			isa = XCBuildConfiguration;
			baseConfigurationReference = 6679A138E4A4D3BC36CD1F63 /* Pods-Fajr Wake.release.xcconfig */;
			buildSettings = {
				ASSETCATALOG_COMPILER_APPICON_NAME = AppIcon;
				CLANG_ENABLE_MODULES = YES;
				CODE_SIGN_STYLE = Automatic;
				DEVELOPMENT_TEAM = M6ZVBN5V88;
				INFOPLIST_FILE = "Fajr Wake/Info.plist";
				IPHONEOS_DEPLOYMENT_TARGET = 10.0;
				LD_RUNPATH_SEARCH_PATHS = "$(inherited) @executable_path/Frameworks";
				PRODUCT_BUNDLE_IDENTIFIER = com.FajrWake.FajrWake;
				PRODUCT_NAME = "$(TARGET_NAME)";
				SWIFT_OBJC_BRIDGING_HEADER = "Fajr Wake/Models/Fajr Wake-Bridging-Header.h";
				SWIFT_VERSION = 4.0;
				TARGETED_DEVICE_FAMILY = 1;
			};
			name = Release;
		};
/* End XCBuildConfiguration section */

/* Begin XCConfigurationList section */
		4979A2AA1F969C29007071E2 /* Build configuration list for PBXProject "Fajr Wake" */ = {
			isa = XCConfigurationList;
			buildConfigurations = (
				4979A2BF1F969C2A007071E2 /* Debug */,
				4979A2C01F969C2A007071E2 /* Release */,
			);
			defaultConfigurationIsVisible = 0;
			defaultConfigurationName = Release;
		};
		4979A2C11F969C2A007071E2 /* Build configuration list for PBXNativeTarget "Fajr Wake" */ = {
			isa = XCConfigurationList;
			buildConfigurations = (
				4979A2C21F969C2A007071E2 /* Debug */,
				4979A2C31F969C2A007071E2 /* Release */,
			);
			defaultConfigurationIsVisible = 0;
			defaultConfigurationName = Release;
		};
/* End XCConfigurationList section */
	};
	rootObject = 4979A2A71F969C29007071E2 /* Project object */;
}
